
Microsoft Visual Studio Solution File, Format Version 12.00
# Visual Studio Version 16
VisualStudioVersion = 16.0.31911.196
MinimumVisualStudioVersion = 10.0.40219.1
Project("{FAE04EC0-301F-11D3-BF4B-00C04F79EFBC}") = "TechcareerWebApi", "TechcareerWebApi\TechcareerWebApi.csproj", "{72D6EAA5-AFCD-46BA-95F5-540DC6AF5974}"
EndProject
Global
	GlobalSection(SolutionConfigurationPlatforms) = preSolution
		Debug|Any CPU = Debug|Any CPU
		Release|Any CPU = Release|Any CPU
	EndGlobalSection
	GlobalSection(ProjectConfigurationPlatforms) = postSolution
		{72D6EAA5-AFCD-46BA-95F5-540DC6AF5974}.Debug|Any CPU.ActiveCfg = Debug|Any CPU
		{72D6EAA5-AFCD-46BA-95F5-540DC6AF5974}.Debug|Any CPU.Build.0 = Debug|Any CPU
		{72D6EAA5-AFCD-46BA-95F5-540DC6AF5974}.Release|Any CPU.ActiveCfg = Release|Any CPU
		{72D6EAA5-AFCD-46BA-95F5-540DC6AF5974}.Release|Any CPU.Build.0 = Release|Any CPU
	EndGlobalSection
	GlobalSection(SolutionProperties) = preSolution
		HideSolutionNode = FALSE
	EndGlobalSection
	GlobalSection(ExtensibilityGlobals) = postSolution
		SolutionGuid = {D78D0243-164E-4FEF-8BDC-09461A2FB0BF}
	EndGlobalSection
EndGlobal
